
Microsoft Visual Studio Solution File, Format Version 12.00
# Visual Studio Version 17
VisualStudioVersion = 17.4.33020.496
MinimumVisualStudioVersion = 10.0.40219.1
Project("{9A19103F-16F7-4668-BE54-9A1E7A4F7556}") = "DemoApi", "DemoApi\DemoApi.csproj", "{24B5D0DD-00DE-4361-885A-BB9F79DEB1E5}"
EndProject
Project("{2150E333-8FDC-42A3-9474-1A3956D46DE8}") = "Solution Items", "Solution Items", "{F20D85B7-42E0-423D-9805-913CBC306A8C}"
	ProjectSection(SolutionItems) = preProject
		..\.gitignore = ..\.gitignore
		..\contributing.md = ..\contributing.md
		..\LICENSE = ..\LICENSE
		..\README.md = ..\README.md
	EndProjectSection
EndProject
Global
	GlobalSection(SolutionConfigurationPlatforms) = preSolution
		Debug|Any CPU = Debug|Any CPU
		Release|Any CPU = Release|Any CPU
	EndGlobalSection
	GlobalSection(ProjectConfigurationPlatforms) = postSolution
		{24B5D0DD-00DE-4361-885A-BB9F79DEB1E5}.Debug|Any CPU.ActiveCfg = Debug|Any CPU
		{24B5D0DD-00DE-4361-885A-BB9F79DEB1E5}.Debug|Any CPU.Build.0 = Debug|Any CPU
		{24B5D0DD-00DE-4361-885A-BB9F79DEB1E5}.Release|Any CPU.ActiveCfg = Release|Any CPU
		{24B5D0DD-00DE-4361-885A-BB9F79DEB1E5}.Release|Any CPU.Build.0 = Release|Any CPU
	EndGlobalSection
	GlobalSection(SolutionProperties) = preSolution
		HideSolutionNode = FALSE
	EndGlobalSection
	GlobalSection(ExtensibilityGlobals) = postSolution
		SolutionGuid = {F9C8F528-3B49-4673-84ED-CE681F4CB0F0}
	EndGlobalSection
EndGlobal
